
Microsoft Visual Studio Solution File, Format Version 12.00
# Visual Studio Version 17
VisualStudioVersion = 17.7.34031.279
MinimumVisualStudioVersion = 10.0.40219.1
Project("{FAE04EC0-301F-11D3-BF4B-00C04F79EFBC}") = "Task-Asp1", "Task-Asp1\Task-Asp1.csproj", "{022E7BAD-5E3D-4AEE-8655-E24771AC58A0}"
EndProject
Global
	GlobalSection(SolutionConfigurationPlatforms) = preSolution
		Debug|Any CPU = Debug|Any CPU
		Release|Any CPU = Release|Any CPU
	EndGlobalSection
	GlobalSection(ProjectConfigurationPlatforms) = postSolution
		{022E7BAD-5E3D-4AEE-8655-E24771AC58A0}.Debug|Any CPU.ActiveCfg = Debug|Any CPU
		{022E7BAD-5E3D-4AEE-8655-E24771AC58A0}.Debug|Any CPU.Build.0 = Debug|Any CPU
		{022E7BAD-5E3D-4AEE-8655-E24771AC58A0}.Release|Any CPU.ActiveCfg = Release|Any CPU
		{022E7BAD-5E3D-4AEE-8655-E24771AC58A0}.Release|Any CPU.Build.0 = Release|Any CPU
	EndGlobalSection
	GlobalSection(SolutionProperties) = preSolution
		HideSolutionNode = FALSE
	EndGlobalSection
	GlobalSection(ExtensibilityGlobals) = postSolution
		SolutionGuid = {F421385F-33F8-4CDE-B301-FB5C91466568}
	EndGlobalSection
EndGlobal
